
Microsoft Visual Studio Solution File, Format Version 12.00
Project("{FAE04EC0-301F-11D3-BF4B-00C04F79EFBC}") = "MCMS.StackBuilder", "MCMS.StackBuilder\MCMS.StackBuilder.csproj", "{30B1F31E-D8A6-4354-ADC2-A81AA1172A97}"
EndProject
Project("{2150E333-8FDC-42A3-9474-1A3956D46DE8}") = "MCMS", "MCMS", "{5D7A55BB-9B43-4381-ABB0-2FB5F913745E}"
EndProject
Project("{FAE04EC0-301F-11D3-BF4B-00C04F79EFBC}") = "MCMS.Base", "MCMS\MCMS.Base\MCMS.Base.csproj", "{632690A6-C73A-4787-AEDD-41204DBF8819}"
EndProject
Project("{FAE04EC0-301F-11D3-BF4B-00C04F79EFBC}") = "MCMS", "MCMS\MCMS\MCMS.csproj", "{5F205A00-2120-44EA-A3CB-D1E16F806249}"
EndProject
Project("{FAE04EC0-301F-11D3-BF4B-00C04F79EFBC}") = "MCMS.Common", "MCMS\MCMS.Common\MCMS.Common.csproj", "{F5B3922B-BC5A-4581-8569-753C65110419}"
EndProject
Global
	GlobalSection(SolutionConfigurationPlatforms) = preSolution
		Debug|Any CPU = Debug|Any CPU
		Release|Any CPU = Release|Any CPU
	EndGlobalSection
	GlobalSection(ProjectConfigurationPlatforms) = postSolution
		{30B1F31E-D8A6-4354-ADC2-A81AA1172A97}.Debug|Any CPU.ActiveCfg = Debug|Any CPU
		{30B1F31E-D8A6-4354-ADC2-A81AA1172A97}.Debug|Any CPU.Build.0 = Debug|Any CPU
		{30B1F31E-D8A6-4354-ADC2-A81AA1172A97}.Release|Any CPU.ActiveCfg = Release|Any CPU
		{30B1F31E-D8A6-4354-ADC2-A81AA1172A97}.Release|Any CPU.Build.0 = Release|Any CPU
		{632690A6-C73A-4787-AEDD-41204DBF8819}.Debug|Any CPU.ActiveCfg = Debug|Any CPU
		{632690A6-C73A-4787-AEDD-41204DBF8819}.Debug|Any CPU.Build.0 = Debug|Any CPU
		{632690A6-C73A-4787-AEDD-41204DBF8819}.Release|Any CPU.ActiveCfg = Release|Any CPU
		{632690A6-C73A-4787-AEDD-41204DBF8819}.Release|Any CPU.Build.0 = Release|Any CPU
		{5F205A00-2120-44EA-A3CB-D1E16F806249}.Debug|Any CPU.ActiveCfg = Debug|Any CPU
		{5F205A00-2120-44EA-A3CB-D1E16F806249}.Debug|Any CPU.Build.0 = Debug|Any CPU
		{5F205A00-2120-44EA-A3CB-D1E16F806249}.Release|Any CPU.ActiveCfg = Release|Any CPU
		{5F205A00-2120-44EA-A3CB-D1E16F806249}.Release|Any CPU.Build.0 = Release|Any CPU
		{F5B3922B-BC5A-4581-8569-753C65110419}.Debug|Any CPU.ActiveCfg = Debug|Any CPU
		{F5B3922B-BC5A-4581-8569-753C65110419}.Debug|Any CPU.Build.0 = Debug|Any CPU
		{F5B3922B-BC5A-4581-8569-753C65110419}.Release|Any CPU.ActiveCfg = Release|Any CPU
		{F5B3922B-BC5A-4581-8569-753C65110419}.Release|Any CPU.Build.0 = Release|Any CPU
	EndGlobalSection
	GlobalSection(NestedProjects) = preSolution
		{632690A6-C73A-4787-AEDD-41204DBF8819} = {5D7A55BB-9B43-4381-ABB0-2FB5F913745E}
		{5F205A00-2120-44EA-A3CB-D1E16F806249} = {5D7A55BB-9B43-4381-ABB0-2FB5F913745E}
		{F5B3922B-BC5A-4581-8569-753C65110419} = {5D7A55BB-9B43-4381-ABB0-2FB5F913745E}
	EndGlobalSection
EndGlobal
